{
    "_readme": [
        "This file locks the dependencies of your project to a known state",
        "Read more about it at http://getcomposer.org/doc/01-basic-usage.md#composer-lock-the-lock-file",
        "This file is @generated automatically"
    ],
    "hash": "4263362b3c9f56b87afb089e11e7d1e7",
    "packages": [
        {
            "name": "hhvm/xhp",
            "version": "dev-master",
            "source": {
                "type": "git",
                "url": "https://github.com/pvh/xhp.git",
                "reference": "9cdafcf262d2c420c0d026880352ef94501632dc"
            },
            "dist": {
                "type": "zip",
                "url": "https://api.github.com/repos/pvh/xhp/zipball/9cdafcf262d2c420c0d026880352ef94501632dc",
                "reference": "9cdafcf262d2c420c0d026880352ef94501632dc",
                "shasum": ""
            },
            "type": "library",
            "autoload": {
                "files": [
                    "src/init.php"
                ]
            },
            "notification-url": "https://packagist.org/downloads/",
            "time": "2014-05-23 09:36:03"
        },
        {
            "name": "oodle/krumo",
            "version": "v0.5.0",
            "source": {
                "type": "git",
                "url": "https://github.com/oodle/krumo.git",
                "reference": "48239769290e267fd7d6ddd1c37e08f96b87221e"
            },
            "dist": {
                "type": "zip",
                "url": "https://api.github.com/repos/oodle/krumo/zipball/48239769290e267fd7d6ddd1c37e08f96b87221e",
                "reference": "48239769290e267fd7d6ddd1c37e08f96b87221e",
                "shasum": ""
            },
            "require": {
                "php": ">=5.2.17"
            },
            "type": "library",
            "autoload": {
                "files": [
                    "class.krumo.php"
                ]
            },
            "notification-url": "https://packagist.org/downloads/",
            "license": [
                "LGPL"
            ],
            "authors": [
                {
                    "name": "Kaloyan K. Tsvetkov",
                    "email": "kaloyan@kaloyan.info"
                },
                {
                    "name": "Matthew J. Mucklo",
                    "email": "mmucklo@corp.oodle.com"
                },
                {
                    "name": "Stefan Thomas",
                    "email": "moon@justmoon.de"
                }
            ],
            "description": "KRUMO - version 2.0 of print_r(); and var_dump(); (with new updates)",
            "keywords": [
                "debug",
                "debugging",
                "krumo",
                "pretty",
                "print",
                "print_r",
                "var_dump"
            ],
            "time": "2014-02-26 21:10:16"
        }
    ],
    "packages-dev": [],
    "aliases": [],
    "minimum-stability": "stable",
    "stability-flags": {
        "hhvm/xhp": 20
    },
    "prefer-stable": false,
    "platform": [],
    "platform-dev": []
}
