{
    "_readme": [
        "This file locks the dependencies of your project to a known state",
        "Read more about it at http://getcomposer.org/doc/01-basic-usage.md#composer-lock-the-lock-file",
        "This file is @generated automatically"
    ],
    "hash": "f45c92a1a7a7dc6d53b5bf6d5d909572",
    "packages": [
        {
            "name": "hhvm/xhp",
            "version": "dev-master",
            "source": {
                "type": "git",
                "url": "https://github.com/pvh/xhp.git",
                "reference": "9cdafcf262d2c420c0d026880352ef94501632dc"
            },
            "dist": {
                "type": "zip",
                "url": "https://api.github.com/repos/pvh/xhp/zipball/9cdafcf262d2c420c0d026880352ef94501632dc",
                "reference": "9cdafcf262d2c420c0d026880352ef94501632dc",
                "shasum": ""
            },
            "type": "library",
            "autoload": {
                "files": [
                    "src/init.php"
                ]
            },
            "notification-url": "https://packagist.org/downloads/",
            "time": "2014-05-23 09:36:03"
        },
        {
            "name": "mongofill/mongofill",
            "version": "dev-master",
            "source": {
                "type": "git",
                "url": "https://github.com/mongofill/mongofill.git",
                "reference": "6c22f3b72b81de59663bba7272d387475d233574"
            },
            "dist": {
                "type": "zip",
                "url": "https://api.github.com/repos/mongofill/mongofill/zipball/6c22f3b72b81de59663bba7272d387475d233574",
                "reference": "6c22f3b72b81de59663bba7272d387475d233574",
                "shasum": ""
            },
            "provide": {
                "ext-mongo": "*"
            },
            "require-dev": {
                "athletic/athletic": "dev-master"
            },
            "type": "library",
            "autoload": {
                "classmap": [
                    {
                        "Mongofill": "src/"
                    },
                    {
                        "Mongo": "src/Mongo.php"
                    },
                    {
                        "MongoBinData": "src/MongoBinData.php"
                    },
                    {
                        "MongoClient": "src/MongoClient.php"
                    },
                    {
                        "MongoCode": "src/MongoCode.php"
                    },
                    {
                        "MongoCollection": "src/MongoCollection.php"
                    },
                    {
                        "MongoConnectionException": "src/MongoConnectionException.php"
                    },
                    {
                        "MongoCursor": "src/MongoCursor.php"
                    },
                    {
                        "MongoCursorException": "src/MongoCursorException.php"
                    },
                    {
                        "MongoCursorTimeoutException": "src/MongoCursorTimeoutException.php"
                    },
                    {
                        "MongoDB": "src/MongoDB.php"
                    },
                    {
                        "MongoDBRef": "src/MongoDBRef.php"
                    },
                    {
                        "MongoDate": "src/MongoDate.php"
                    },
                    {
                        "MongoException": "src/MongoException.php"
                    },
                    {
                        "MongoGridFS": "src/MongoGridFS.php"
                    },
                    {
                        "MongoGridFSFile": "src/MongoGridFSFile.php"
                    },
                    {
                        "MongoGridFSException": "src/MongoGridFSException.php"
                    },
                    {
                        "MongoGridFSCursor": "src/MongoGridFSCursor.php"
                    },
                    {
                        "MongoId": "src/MongoId.php"
                    },
                    {
                        "MongoInt32": "src/MongoInt32.php"
                    },
                    {
                        "MongoInt64": "src/MongoInt64.php"
                    },
                    {
                        "MongoLog": "src/MongoLog.php"
                    },
                    {
                        "MongoMaxKey": "src/MongoMaxKey.php"
                    },
                    {
                        "MongoMinKey": "src/MongoMinKey.php"
                    },
                    {
                        "MongoRegex": "src/MongoRegex.php"
                    },
                    {
                        "MongoResultException": "src/MongoResultException.php"
                    },
                    {
                        "MongoTimestamp": "src/MongoTimestamp.php"
                    }
                ],
                "files": [
                    "src/functions.php"
                ]
            },
            "notification-url": "https://packagist.org/downloads/",
            "license": [
                "MIT"
            ],
            "authors": [
                {
                    "name": "Máximo Cuadros Ortiz",
                    "email": "mcuadros@gmail.com",
                    "homepage": "https://github.com/mcuadros"
                },
                {
                    "name": "Jakub Husák",
                    "email": "husak.j@gmail.com"
                },
                {
                    "name": "Mongofill Community",
                    "homepage": "https://github.com/mongofill/mongofill/graphs/contributors"
                }
            ],
            "description": "Polyfill of PECL Mongo extension",
            "time": "2014-06-19 18:25:38"
        },
        {
            "name": "oodle/krumo",
            "version": "v0.5.0",
            "source": {
                "type": "git",
                "url": "https://github.com/oodle/krumo.git",
                "reference": "48239769290e267fd7d6ddd1c37e08f96b87221e"
            },
            "dist": {
                "type": "zip",
                "url": "https://api.github.com/repos/oodle/krumo/zipball/48239769290e267fd7d6ddd1c37e08f96b87221e",
                "reference": "48239769290e267fd7d6ddd1c37e08f96b87221e",
                "shasum": ""
            },
            "require": {
                "php": ">=5.2.17"
            },
            "type": "library",
            "autoload": {
                "files": [
                    "class.krumo.php"
                ]
            },
            "notification-url": "https://packagist.org/downloads/",
            "license": [
                "LGPL"
            ],
            "authors": [
                {
                    "name": "Kaloyan K. Tsvetkov",
                    "email": "kaloyan@kaloyan.info"
                },
                {
                    "name": "Matthew J. Mucklo",
                    "email": "mmucklo@corp.oodle.com"
                },
                {
                    "name": "Stefan Thomas",
                    "email": "moon@justmoon.de"
                }
            ],
            "description": "KRUMO - version 2.0 of print_r(); and var_dump(); (with new updates)",
            "keywords": [
                "debug",
                "debugging",
                "krumo",
                "pretty",
                "print",
                "print_r",
                "var_dump"
            ],
            "time": "2014-02-26 21:10:16"
        }
    ],
    "packages-dev": [],
    "aliases": [],
    "minimum-stability": "stable",
    "stability-flags": {
        "hhvm/xhp": 20,
        "mongofill/mongofill": 20
    },
    "prefer-stable": false,
    "platform": {
        "ext-mongo": "*"
    },
    "platform-dev": []
}
